<?xml version="1.0" encoding="utf-8"?>
<Project ToolsVersion="4.0" xmlns:atg="http://atg.xbox.com" xmlns="http://schemas.microsoft.com/developer/msbuild/2003">
  <ItemGroup>
    <Filter Include="Resource Files">
      <UniqueIdentifier>{8e114980-c1a3-4ada-ad7c-83caadf5daeb}</UniqueIdentifier>
      <Extensions>rc;ico;cur;bmp;dlg;rc2;rct;bin;rgs;gif;jpg;jpeg;jpe</Extensions>
    </Filter>
    <Filter Include="Rendering">
      <UniqueIdentifier>{2369b712-8b9e-4617-9293-c19fb0ba5a40}</UniqueIdentifier>
    </Filter>
    <Filter Include="Utilities">
      <UniqueIdentifier>{643a848f-1331-4886-a98c-5fd5858ff7ee}</UniqueIdentifier>
    </Filter>
    <Filter Include="Core">
      <UniqueIdentifier>{b6b26369-b89c-4142-9b4d-a96004c4287a}</UniqueIdentifier>
    </Filter>
    <Filter Include="Managers">
      <UniqueIdentifier>{07fa9b15-5635-41f3-88cb-2a83e93820f9}</UniqueIdentifier>
    </Filter>
    <Filter Include="Actors">
      <UniqueIdentifier>{2d50feae-061d-4341-9299-ce09e9334d47}</UniqueIdentifier>
    </Filter>
    <Filter Include="Terrain">
      <UniqueIdentifier>{cb4773c3-2ada-42f1-85a7-131cbb3b8ca8}</UniqueIdentifier>
    </Filter>
    <Filter Include="ExternalLibrary">
      <UniqueIdentifier>{f1c7249e-2565-4bd3-8405-c8ec33b60732}</UniqueIdentifier>
    </Filter>
    <Filter Include="Camera">
      <UniqueIdentifier>{49efd80f-9a7c-4402-a1a5-fc2b8aec22bb}</UniqueIdentifier>
    </Filter>
    <Filter Include="FbxManager">
      <UniqueIdentifier>{23b8f906-0ae7-41af-a5c0-b71964813e8a}</UniqueIdentifier>
    </Filter>
    <Filter Include="Shader">
      <UniqueIdentifier>{c5e602be-f577-4469-bb75-5461d84f4f81}</UniqueIdentifier>
    </Filter>
  </ItemGroup>
  <ItemGroup>
    <None Include="DXUT\Optional\directx.ico">
      <Filter>Resource Files</Filter>
    </None>
  </ItemGroup>
  <ItemGroup>
    <ClCompile Include="Framework\Camera\Camera.cpp">
      <Filter>Camera</Filter>
    </ClCompile>
    <ClCompile Include="Framework\Camera\Frustum.cpp">
      <Filter>Camera</Filter>
    </ClCompile>
    <ClCompile Include="Framework\Core\Main.cpp">
      <Filter>Core</Filter>
    </ClCompile>
    <ClCompile Include="Framework\ExternalLibrary\Dib.cpp">
      <Filter>ExternalLibrary</Filter>
    </ClCompile>
    <ClCompile Include="Framework\Managers\InputManager.cpp">
      <Filter>Managers</Filter>
    </ClCompile>
    <ClCompile Include="Framework\Managers\LogManager.cpp">
      <Filter>Managers</Filter>
    </ClCompile>
    <ClCompile Include="Framework\Managers\TimeManager.cpp">
      <Filter>Managers</Filter>
    </ClCompile>
    <ClCompile Include="Framework\Rendering\DxMain.cpp">
      <Filter>Rendering</Filter>
    </ClCompile>
    <ClCompile Include="Framework\Terrain\QuadTree.cpp">
      <Filter>Terrain</Filter>
    </ClCompile>
    <ClCompile Include="Framework\Terrain\Terrain.cpp">
      <Filter>Terrain</Filter>
    </ClCompile>
    <ClCompile Include="Framework\Utilities\Actor.cpp">
      <Filter>Utilities</Filter>
    </ClCompile>
    <ClCompile Include="Framework\Utilities\Character.cpp">
      <Filter>Utilities</Filter>
    </ClCompile>
    <ClCompile Include="Framework\Utilities\Object.cpp">
      <Filter>Utilities</Filter>
    </ClCompile>
    <ClCompile Include="Framework\Utilities\World.cpp">
      <Filter>Utilities</Filter>
    </ClCompile>
    <ClCompile Include="Framework\FbxManager\FbxManager.cpp">
      <Filter>FbxManager</Filter>
    </ClCompile>
    <ClCompile Include="Framework\Rendering\Mesh.cpp">
      <Filter>Rendering</Filter>
    </ClCompile>
  </ItemGroup>
  <ItemGroup>
    <ClInclude Include="Framework\Camera\Camera.h">
      <Filter>Camera</Filter>
    </ClInclude>
    <ClInclude Include="Framework\Camera\Frustum.h">
      <Filter>Camera</Filter>
    </ClInclude>
    <ClInclude Include="Framework\Core\Core.h">
      <Filter>Core</Filter>
    </ClInclude>
    <ClInclude Include="Framework\ExternalLibrary\Dib.h">
      <Filter>ExternalLibrary</Filter>
    </ClInclude>
    <ClInclude Include="Framework\Managers\InputManager.h">
      <Filter>Managers</Filter>
    </ClInclude>
    <ClInclude Include="Framework\Managers\LogManager.h">
      <Filter>Managers</Filter>
    </ClInclude>
    <ClInclude Include="Framework\Managers\TimeManager.h">
      <Filter>Managers</Filter>
    </ClInclude>
    <ClInclude Include="Framework\Rendering\DxMain.h">
      <Filter>Rendering</Filter>
    </ClInclude>
    <ClInclude Include="Framework\Terrain\QuadTree.h">
      <Filter>Terrain</Filter>
    </ClInclude>
    <ClInclude Include="Framework\Terrain\Terrain.h">
      <Filter>Terrain</Filter>
    </ClInclude>
    <ClInclude Include="Framework\Terrain\TerrainVertex.h">
      <Filter>Terrain</Filter>
    </ClInclude>
    <ClInclude Include="Framework\Utilities\Actor.h">
      <Filter>Utilities</Filter>
    </ClInclude>
    <ClInclude Include="Framework\Utilities\Character.h">
      <Filter>Utilities</Filter>
    </ClInclude>
    <ClInclude Include="Framework\Utilities\Object.h">
      <Filter>Utilities</Filter>
    </ClInclude>
    <ClInclude Include="Framework\Utilities\World.h">
      <Filter>Utilities</Filter>
    </ClInclude>
    <ClInclude Include="Framework\FbxManager\FbxManager.h">
      <Filter>FbxManager</Filter>
    </ClInclude>
    <ClInclude Include="Framework\Rendering\Mesh.h">
      <Filter>Rendering</Filter>
    </ClInclude>
    <ClInclude Include="Framework\Rendering\VertexData.h">
      <Filter>Rendering</Filter>
    </ClInclude>
    <ClInclude Include="Framework\Shader\Light.h">
      <Filter>Shader</Filter>
    </ClInclude>
    <ClInclude Include="Framework\Shader\DirectionalLight.h">
      <Filter>Shader</Filter>
    </ClInclude>
  </ItemGroup>
  <ItemGroup>
    <CLInclude Include="resource.h">
      <Filter>Resource Files</Filter>
    </CLInclude>
    <ResourceCompile Include="CreateDevice.rc">
      <Filter>Resource Files</Filter>
    </ResourceCompile>
  </ItemGroup>
  <ItemGroup>
  </ItemGroup>
</Project>